
Microsoft Visual Studio Solution File, Format Version 12.00
# Visual Studio Version 17
VisualStudioVersion = 17.11.35222.181
MinimumVisualStudioVersion = 10.0.40219.1
Project("{FAE04EC0-301F-11D3-BF4B-00C04F79EFBC}") = "VehiclePassportAPI", "VehiclePassportAPI\VehiclePassportAPI.csproj", "{77660EA5-D79F-4504-8948-558DFBFB824B}"
EndProject
Global
	GlobalSection(SolutionConfigurationPlatforms) = preSolution
		Debug|Any CPU = Debug|Any CPU
		Release|Any CPU = Release|Any CPU
	EndGlobalSection
	GlobalSection(ProjectConfigurationPlatforms) = postSolution
		{77660EA5-D79F-4504-8948-558DFBFB824B}.Debug|Any CPU.ActiveCfg = Debug|Any CPU
		{77660EA5-D79F-4504-8948-558DFBFB824B}.Debug|Any CPU.Build.0 = Debug|Any CPU
		{77660EA5-D79F-4504-8948-558DFBFB824B}.Release|Any CPU.ActiveCfg = Release|Any CPU
		{77660EA5-D79F-4504-8948-558DFBFB824B}.Release|Any CPU.Build.0 = Release|Any CPU
	EndGlobalSection
	GlobalSection(SolutionProperties) = preSolution
		HideSolutionNode = FALSE
	EndGlobalSection
	GlobalSection(ExtensibilityGlobals) = postSolution
		SolutionGuid = {795E6132-E1FA-4108-8C35-D83CC96A2D65}
	EndGlobalSection
EndGlobal
